// !$*UTF8*$!
{
	archiveVersion = 1;
	classes = {
	};
	objectVersion = 45;
	objects = {

/* Begin PBXBuildFile section */
		1D3623260D0F684500981E51 /* WagrItAppDelegate.m in Sources */ = {isa = PBXBuildFile; fileRef = 1D3623250D0F684500981E51 /* WagrItAppDelegate.m */; };
		1D60589B0D05DD56006BFB54 /* main.m in Sources */ = {isa = PBXBuildFile; fileRef = 29B97316FDCFA39411CA2CEA /* main.m */; };
		1D60589F0D05DD5A006BFB54 /* Foundation.framework in Frameworks */ = {isa = PBXBuildFile; fileRef = 1D30AB110D05D00D00671497 /* Foundation.framework */; };
		1DF5F4E00D08C38300B7A737 /* UIKit.framework in Frameworks */ = {isa = PBXBuildFile; fileRef = 1DF5F4DF0D08C38300B7A737 /* UIKit.framework */; };
		288765FD0DF74451002DB57D /* CoreGraphics.framework in Frameworks */ = {isa = PBXBuildFile; fileRef = 288765FC0DF74451002DB57D /* CoreGraphics.framework */; };
		28AD733F0D9D9553002E5188 /* MainWindow.xib in Resources */ = {isa = PBXBuildFile; fileRef = 28AD733E0D9D9553002E5188 /* MainWindow.xib */; };
		C312C450126E834700839A4B /* NSObject+SBJSON.m in Sources */ = {isa = PBXBuildFile; fileRef = C312C447126E834700839A4B /* NSObject+SBJSON.m */; };
		C312C451126E834700839A4B /* NSString+SBJSON.m in Sources */ = {isa = PBXBuildFile; fileRef = C312C449126E834700839A4B /* NSString+SBJSON.m */; };
		C312C452126E834700839A4B /* SBJsonBase.m in Sources */ = {isa = PBXBuildFile; fileRef = C312C44B126E834700839A4B /* SBJsonBase.m */; };
		C312C453126E834700839A4B /* SBJsonParser.m in Sources */ = {isa = PBXBuildFile; fileRef = C312C44D126E834700839A4B /* SBJsonParser.m */; };
		C312C454126E834700839A4B /* SBJsonWriter.m in Sources */ = {isa = PBXBuildFile; fileRef = C312C44F126E834700839A4B /* SBJsonWriter.m */; };
		C312C4A0126FBE1600839A4B /* WagrListViewController.m in Sources */ = {isa = PBXBuildFile; fileRef = C312C49E126FBE1600839A4B /* WagrListViewController.m */; };
		C312C4A1126FBE1600839A4B /* WagrListViewController.xib in Resources */ = {isa = PBXBuildFile; fileRef = C312C49F126FBE1600839A4B /* WagrListViewController.xib */; };
		C312C5BC1270B45F00839A4B /* WagrDetailViewController.m in Sources */ = {isa = PBXBuildFile; fileRef = C312C5BA1270B45F00839A4B /* WagrDetailViewController.m */; };
		C312C5BD1270B45F00839A4B /* WagrDetailViewController.xib in Resources */ = {isa = PBXBuildFile; fileRef = C312C5BB1270B45F00839A4B /* WagrDetailViewController.xib */; };
		C312C854127326D900839A4B /* BaseViewController.m in Sources */ = {isa = PBXBuildFile; fileRef = C312C853127326D900839A4B /* BaseViewController.m */; };
		C312C983127385A700839A4B /* AudioToolbox.framework in Frameworks */ = {isa = PBXBuildFile; fileRef = C312C982127385A700839A4B /* AudioToolbox.framework */; };
		C312CC2A1276057100839A4B /* wagr_detail_bg.png in Resources */ = {isa = PBXBuildFile; fileRef = C312CC291276057100839A4B /* wagr_detail_bg.png */; };
		C312CDA012799F9800839A4B /* lt_green_striped.png in Resources */ = {isa = PBXBuildFile; fileRef = C312CD9F12799F9800839A4B /* lt_green_striped.png */; };
		C312CE7A127AF50B00839A4B /* WagrDetailCell.m in Sources */ = {isa = PBXBuildFile; fileRef = C312CE79127AF50B00839A4B /* WagrDetailCell.m */; };
		C312CE8A127AF64900839A4B /* WagrDetailCell.xib in Resources */ = {isa = PBXBuildFile; fileRef = C312CE89127AF64900839A4B /* WagrDetailCell.xib */; };
		C312CF33127C6B3700839A4B /* login_header.png in Resources */ = {isa = PBXBuildFile; fileRef = C312CF32127C6B3700839A4B /* login_header.png */; };
		C312CF35127C6B7000839A4B /* login_header@2x.png in Resources */ = {isa = PBXBuildFile; fileRef = C312CF34127C6B7000839A4B /* login_header@2x.png */; };
		C386CBA6127F98550000BCA2 /* SignupViewController.m in Sources */ = {isa = PBXBuildFile; fileRef = C386CBA4127F98550000BCA2 /* SignupViewController.m */; };
		C386CBA7127F98550000BCA2 /* SignupViewController.xib in Resources */ = {isa = PBXBuildFile; fileRef = C386CBA5127F98550000BCA2 /* SignupViewController.xib */; };
		C3C31C1B126C737B003846A0 /* LoginViewController.m in Sources */ = {isa = PBXBuildFile; fileRef = C3C31C19126C737B003846A0 /* LoginViewController.m */; };
		C3C31C1C126C737B003846A0 /* LoginViewController.xib in Resources */ = {isa = PBXBuildFile; fileRef = C3C31C1A126C737B003846A0 /* LoginViewController.xib */; };
/* End PBXBuildFile section */

/* Begin PBXFileReference section */
		1D30AB110D05D00D00671497 /* Foundation.framework */ = {isa = PBXFileReference; lastKnownFileType = wrapper.framework; name = Foundation.framework; path = System/Library/Frameworks/Foundation.framework; sourceTree = SDKROOT; };
		1D3623240D0F684500981E51 /* WagrItAppDelegate.h */ = {isa = PBXFileReference; fileEncoding = 4; lastKnownFileType = sourcecode.c.h; path = WagrItAppDelegate.h; sourceTree = "<group>"; };
		1D3623250D0F684500981E51 /* WagrItAppDelegate.m */ = {isa = PBXFileReference; fileEncoding = 4; lastKnownFileType = sourcecode.c.objc; path = WagrItAppDelegate.m; sourceTree = "<group>"; };
		1D6058910D05DD3D006BFB54 /* WagrIt.app */ = {isa = PBXFileReference; explicitFileType = wrapper.application; includeInIndex = 0; path = WagrIt.app; sourceTree = BUILT_PRODUCTS_DIR; };
		1DF5F4DF0D08C38300B7A737 /* UIKit.framework */ = {isa = PBXFileReference; lastKnownFileType = wrapper.framework; name = UIKit.framework; path = System/Library/Frameworks/UIKit.framework; sourceTree = SDKROOT; };
		288765FC0DF74451002DB57D /* CoreGraphics.framework */ = {isa = PBXFileReference; lastKnownFileType = wrapper.framework; name = CoreGraphics.framework; path = System/Library/Frameworks/CoreGraphics.framework; sourceTree = SDKROOT; };
		28AD733E0D9D9553002E5188 /* MainWindow.xib */ = {isa = PBXFileReference; lastKnownFileType = file.xib; path = MainWindow.xib; sourceTree = "<group>"; };
		29B97316FDCFA39411CA2CEA /* main.m */ = {isa = PBXFileReference; fileEncoding = 4; lastKnownFileType = sourcecode.c.objc; path = main.m; sourceTree = "<group>"; };
		32CA4F630368D1EE00C91783 /* WagrIt_Prefix.pch */ = {isa = PBXFileReference; fileEncoding = 4; lastKnownFileType = sourcecode.c.h; path = WagrIt_Prefix.pch; sourceTree = "<group>"; };
		8D1107310486CEB800E47090 /* WagrIt-Info.plist */ = {isa = PBXFileReference; fileEncoding = 4; lastKnownFileType = text.plist.xml; path = "WagrIt-Info.plist"; plistStructureDefinitionIdentifier = "com.apple.xcode.plist.structure-definition.iphone.info-plist"; sourceTree = "<group>"; };
		C312C445126E834700839A4B /* JSON.h */ = {isa = PBXFileReference; fileEncoding = 4; lastKnownFileType = sourcecode.c.h; path = JSON.h; sourceTree = "<group>"; };
		C312C446126E834700839A4B /* NSObject+SBJSON.h */ = {isa = PBXFileReference; fileEncoding = 4; lastKnownFileType = sourcecode.c.h; path = "NSObject+SBJSON.h"; sourceTree = "<group>"; };
		C312C447126E834700839A4B /* NSObject+SBJSON.m */ = {isa = PBXFileReference; fileEncoding = 4; lastKnownFileType = sourcecode.c.objc; path = "NSObject+SBJSON.m"; sourceTree = "<group>"; };
		C312C448126E834700839A4B /* NSString+SBJSON.h */ = {isa = PBXFileReference; fileEncoding = 4; lastKnownFileType = sourcecode.c.h; path = "NSString+SBJSON.h"; sourceTree = "<group>"; };
		C312C449126E834700839A4B /* NSString+SBJSON.m */ = {isa = PBXFileReference; fileEncoding = 4; lastKnownFileType = sourcecode.c.objc; path = "NSString+SBJSON.m"; sourceTree = "<group>"; };
		C312C44A126E834700839A4B /* SBJsonBase.h */ = {isa = PBXFileReference; fileEncoding = 4; lastKnownFileType = sourcecode.c.h; path = SBJsonBase.h; sourceTree = "<group>"; };
		C312C44B126E834700839A4B /* SBJsonBase.m */ = {isa = PBXFileReference; fileEncoding = 4; lastKnownFileType = sourcecode.c.objc; path = SBJsonBase.m; sourceTree = "<group>"; };
		C312C44C126E834700839A4B /* SBJsonParser.h */ = {isa = PBXFileReference; fileEncoding = 4; lastKnownFileType = sourcecode.c.h; path = SBJsonParser.h; sourceTree = "<group>"; };
		C312C44D126E834700839A4B /* SBJsonParser.m */ = {isa = PBXFileReference; fileEncoding = 4; lastKnownFileType = sourcecode.c.objc; path = SBJsonParser.m; sourceTree = "<group>"; };
		C312C44E126E834700839A4B /* SBJsonWriter.h */ = {isa = PBXFileReference; fileEncoding = 4; lastKnownFileType = sourcecode.c.h; path = SBJsonWriter.h; sourceTree = "<group>"; };
		C312C44F126E834700839A4B /* SBJsonWriter.m */ = {isa = PBXFileReference; fileEncoding = 4; lastKnownFileType = sourcecode.c.objc; path = SBJsonWriter.m; sourceTree = "<group>"; };
		C312C49D126FBE1600839A4B /* WagrListViewController.h */ = {isa = PBXFileReference; fileEncoding = 4; lastKnownFileType = sourcecode.c.h; path = WagrListViewController.h; sourceTree = "<group>"; };
		C312C49E126FBE1600839A4B /* WagrListViewController.m */ = {isa = PBXFileReference; fileEncoding = 4; lastKnownFileType = sourcecode.c.objc; path = WagrListViewController.m; sourceTree = "<group>"; };
		C312C49F126FBE1600839A4B /* WagrListViewController.xib */ = {isa = PBXFileReference; lastKnownFileType = file.xib; name = WagrListViewController.xib; path = Classes/WagrListViewController.xib; sourceTree = "<group>"; };
		C312C5B91270B45F00839A4B /* WagrDetailViewController.h */ = {isa = PBXFileReference; fileEncoding = 4; lastKnownFileType = sourcecode.c.h; path = WagrDetailViewController.h; sourceTree = "<group>"; };
		C312C5BA1270B45F00839A4B /* WagrDetailViewController.m */ = {isa = PBXFileReference; fileEncoding = 4; lastKnownFileType = sourcecode.c.objc; path = WagrDetailViewController.m; sourceTree = "<group>"; };
		C312C5BB1270B45F00839A4B /* WagrDetailViewController.xib */ = {isa = PBXFileReference; lastKnownFileType = file.xib; name = WagrDetailViewController.xib; path = Classes/WagrDetailViewController.xib; sourceTree = "<group>"; };
		C312C852127326D900839A4B /* BaseViewController.h */ = {isa = PBXFileReference; fileEncoding = 4; lastKnownFileType = sourcecode.c.h; path = BaseViewController.h; sourceTree = "<group>"; };
		C312C853127326D900839A4B /* BaseViewController.m */ = {isa = PBXFileReference; fileEncoding = 4; lastKnownFileType = sourcecode.c.objc; path = BaseViewController.m; sourceTree = "<group>"; };
		C312C982127385A700839A4B /* AudioToolbox.framework */ = {isa = PBXFileReference; lastKnownFileType = wrapper.framework; name = AudioToolbox.framework; path = System/Library/Frameworks/AudioToolbox.framework; sourceTree = SDKROOT; };
		C312CC291276057100839A4B /* wagr_detail_bg.png */ = {isa = PBXFileReference; lastKnownFileType = image.png; name = wagr_detail_bg.png; path = "../../../Project Resources/wagrit_iphone/wagr_detail_bg.png"; sourceTree = SOURCE_ROOT; };
		C312CD9F12799F9800839A4B /* lt_green_striped.png */ = {isa = PBXFileReference; lastKnownFileType = image.png; name = lt_green_striped.png; path = "../../../Project Resources/wagrit_iphone/lt_green_striped.png"; sourceTree = SOURCE_ROOT; };
		C312CE78127AF50B00839A4B /* WagrDetailCell.h */ = {isa = PBXFileReference; fileEncoding = 4; lastKnownFileType = sourcecode.c.h; path = WagrDetailCell.h; sourceTree = "<group>"; };
		C312CE79127AF50B00839A4B /* WagrDetailCell.m */ = {isa = PBXFileReference; fileEncoding = 4; lastKnownFileType = sourcecode.c.objc; path = WagrDetailCell.m; sourceTree = "<group>"; };
		C312CE89127AF64900839A4B /* WagrDetailCell.xib */ = {isa = PBXFileReference; lastKnownFileType = file.xib; path = WagrDetailCell.xib; sourceTree = "<group>"; };
		C312CF32127C6B3700839A4B /* login_header.png */ = {isa = PBXFileReference; lastKnownFileType = image.png; path = login_header.png; sourceTree = "<group>"; };
		C312CF34127C6B7000839A4B /* login_header@2x.png */ = {isa = PBXFileReference; lastKnownFileType = image.png; path = "login_header@2x.png"; sourceTree = "<group>"; };
		C386CBA3127F98550000BCA2 /* SignupViewController.h */ = {isa = PBXFileReference; fileEncoding = 4; lastKnownFileType = sourcecode.c.h; path = SignupViewController.h; sourceTree = "<group>"; };
		C386CBA4127F98550000BCA2 /* SignupViewController.m */ = {isa = PBXFileReference; fileEncoding = 4; lastKnownFileType = sourcecode.c.objc; path = SignupViewController.m; sourceTree = "<group>"; };
		C386CBA5127F98550000BCA2 /* SignupViewController.xib */ = {isa = PBXFileReference; lastKnownFileType = file.xib; name = SignupViewController.xib; path = Classes/SignupViewController.xib; sourceTree = "<group>"; };
		C3C31C18126C737B003846A0 /* LoginViewController.h */ = {isa = PBXFileReference; fileEncoding = 4; lastKnownFileType = sourcecode.c.h; path = LoginViewController.h; sourceTree = "<group>"; };
		C3C31C19126C737B003846A0 /* LoginViewController.m */ = {isa = PBXFileReference; fileEncoding = 4; lastKnownFileType = sourcecode.c.objc; path = LoginViewController.m; sourceTree = "<group>"; };
		C3C31C1A126C737B003846A0 /* LoginViewController.xib */ = {isa = PBXFileReference; lastKnownFileType = file.xib; name = LoginViewController.xib; path = Classes/LoginViewController.xib; sourceTree = "<group>"; };
/* End PBXFileReference section */

/* Begin PBXFrameworksBuildPhase section */
		1D60588F0D05DD3D006BFB54 /* Frameworks */ = {
			isa = PBXFrameworksBuildPhase;
			buildActionMask = 2147483647;
			files = (
				1D60589F0D05DD5A006BFB54 /* Foundation.framework in Frameworks */,
				1DF5F4E00D08C38300B7A737 /* UIKit.framework in Frameworks */,
				288765FD0DF74451002DB57D /* CoreGraphics.framework in Frameworks */,
				C312C983127385A700839A4B /* AudioToolbox.framework in Frameworks */,
			);
			runOnlyForDeploymentPostprocessing = 0;
		};
/* End PBXFrameworksBuildPhase section */

/* Begin PBXGroup section */
		080E96DDFE201D6D7F000001 /* Classes */ = {
			isa = PBXGroup;
			children = (
				1D3623240D0F684500981E51 /* WagrItAppDelegate.h */,
				1D3623250D0F684500981E51 /* WagrItAppDelegate.m */,
				C312C852127326D900839A4B /* BaseViewController.h */,
				C312C853127326D900839A4B /* BaseViewController.m */,
				C3C31C18126C737B003846A0 /* LoginViewController.h */,
				C3C31C19126C737B003846A0 /* LoginViewController.m */,
				C386CBA3127F98550000BCA2 /* SignupViewController.h */,
				C386CBA4127F98550000BCA2 /* SignupViewController.m */,
				C312C49D126FBE1600839A4B /* WagrListViewController.h */,
				C312C49E126FBE1600839A4B /* WagrListViewController.m */,
				C312C5B91270B45F00839A4B /* WagrDetailViewController.h */,
				C312C5BA1270B45F00839A4B /* WagrDetailViewController.m */,
				C312CE78127AF50B00839A4B /* WagrDetailCell.h */,
				C312CE79127AF50B00839A4B /* WagrDetailCell.m */,
				C312C443126E833900839A4B /* JSON */,
			);
			path = Classes;
			sourceTree = "<group>";
		};
		19C28FACFE9D520D11CA2CBB /* Products */ = {
			isa = PBXGroup;
			children = (
				1D6058910D05DD3D006BFB54 /* WagrIt.app */,
			);
			name = Products;
			sourceTree = "<group>";
		};
		29B97314FDCFA39411CA2CEA /* CustomTemplate */ = {
			isa = PBXGroup;
			children = (
				080E96DDFE201D6D7F000001 /* Classes */,
				29B97315FDCFA39411CA2CEA /* Other Sources */,
				29B97317FDCFA39411CA2CEA /* Resources */,
				29B97323FDCFA39411CA2CEA /* Frameworks */,
				19C28FACFE9D520D11CA2CBB /* Products */,
				C312C982127385A700839A4B /* AudioToolbox.framework */,
			);
			name = CustomTemplate;
			sourceTree = "<group>";
		};
		29B97315FDCFA39411CA2CEA /* Other Sources */ = {
			isa = PBXGroup;
			children = (
				32CA4F630368D1EE00C91783 /* WagrIt_Prefix.pch */,
				29B97316FDCFA39411CA2CEA /* main.m */,
			);
			name = "Other Sources";
			sourceTree = "<group>";
		};
		29B97317FDCFA39411CA2CEA /* Resources */ = {
			isa = PBXGroup;
			children = (
				C312CD9812799E1A00839A4B /* XIB */,
				C312CD9712799CCA00839A4B /* Graphics */,
				28AD733E0D9D9553002E5188 /* MainWindow.xib */,
				8D1107310486CEB800E47090 /* WagrIt-Info.plist */,
			);
			name = Resources;
			sourceTree = "<group>";
		};
		29B97323FDCFA39411CA2CEA /* Frameworks */ = {
			isa = PBXGroup;
			children = (
				1DF5F4DF0D08C38300B7A737 /* UIKit.framework */,
				1D30AB110D05D00D00671497 /* Foundation.framework */,
				288765FC0DF74451002DB57D /* CoreGraphics.framework */,
			);
			name = Frameworks;
			sourceTree = "<group>";
		};
		C312C443126E833900839A4B /* JSON */ = {
			isa = PBXGroup;
			children = (
				C312C445126E834700839A4B /* JSON.h */,
				C312C446126E834700839A4B /* NSObject+SBJSON.h */,
				C312C447126E834700839A4B /* NSObject+SBJSON.m */,
				C312C448126E834700839A4B /* NSString+SBJSON.h */,
				C312C449126E834700839A4B /* NSString+SBJSON.m */,
				C312C44A126E834700839A4B /* SBJsonBase.h */,
				C312C44B126E834700839A4B /* SBJsonBase.m */,
				C312C44C126E834700839A4B /* SBJsonParser.h */,
				C312C44D126E834700839A4B /* SBJsonParser.m */,
				C312C44E126E834700839A4B /* SBJsonWriter.h */,
				C312C44F126E834700839A4B /* SBJsonWriter.m */,
			);
			name = JSON;
			sourceTree = "<group>";
		};
		C312CD9712799CCA00839A4B /* Graphics */ = {
			isa = PBXGroup;
			children = (
				C312CF34127C6B7000839A4B /* login_header@2x.png */,
				C312CF32127C6B3700839A4B /* login_header.png */,
				C312CD9F12799F9800839A4B /* lt_green_striped.png */,
				C312CC291276057100839A4B /* wagr_detail_bg.png */,
			);
			name = Graphics;
			sourceTree = "<group>";
		};
		C312CD9812799E1A00839A4B /* XIB */ = {
			isa = PBXGroup;
			children = (
				C3C31C1A126C737B003846A0 /* LoginViewController.xib */,
				C386CBA5127F98550000BCA2 /* SignupViewController.xib */,
				C312C49F126FBE1600839A4B /* WagrListViewController.xib */,
				C312C5BB1270B45F00839A4B /* WagrDetailViewController.xib */,
				C312CE89127AF64900839A4B /* WagrDetailCell.xib */,
			);
			name = XIB;
			sourceTree = "<group>";
		};
/* End PBXGroup section */

/* Begin PBXNativeTarget section */
		1D6058900D05DD3D006BFB54 /* WagrIt */ = {
			isa = PBXNativeTarget;
			buildConfigurationList = 1D6058960D05DD3E006BFB54 /* Build configuration list for PBXNativeTarget "WagrIt" */;
			buildPhases = (
				1D60588D0D05DD3D006BFB54 /* Resources */,
				1D60588E0D05DD3D006BFB54 /* Sources */,
				1D60588F0D05DD3D006BFB54 /* Frameworks */,
			);
			buildRules = (
			);
			dependencies = (
			);
			name = WagrIt;
			productName = WagrIt;
			productReference = 1D6058910D05DD3D006BFB54 /* WagrIt.app */;
			productType = "com.apple.product-type.application";
		};
/* End PBXNativeTarget section */

/* Begin PBXProject section */
		29B97313FDCFA39411CA2CEA /* Project object */ = {
			isa = PBXProject;
			buildConfigurationList = C01FCF4E08A954540054247B /* Build configuration list for PBXProject "WagrIt" */;
			compatibilityVersion = "Xcode 3.1";
			developmentRegion = English;
			hasScannedForEncodings = 1;
			knownRegions = (
				English,
				Japanese,
				French,
				German,
			);
			mainGroup = 29B97314FDCFA39411CA2CEA /* CustomTemplate */;
			projectDirPath = "";
			projectRoot = "";
			targets = (
				1D6058900D05DD3D006BFB54 /* WagrIt */,
			);
		};
/* End PBXProject section */

/* Begin PBXResourcesBuildPhase section */
		1D60588D0D05DD3D006BFB54 /* Resources */ = {
			isa = PBXResourcesBuildPhase;
			buildActionMask = 2147483647;
			files = (
				28AD733F0D9D9553002E5188 /* MainWindow.xib in Resources */,
				C3C31C1C126C737B003846A0 /* LoginViewController.xib in Resources */,
				C312C4A1126FBE1600839A4B /* WagrListViewController.xib in Resources */,
				C312C5BD1270B45F00839A4B /* WagrDetailViewController.xib in Resources */,
				C312CC2A1276057100839A4B /* wagr_detail_bg.png in Resources */,
				C312CDA012799F9800839A4B /* lt_green_striped.png in Resources */,
				C312CE8A127AF64900839A4B /* WagrDetailCell.xib in Resources */,
				C312CF33127C6B3700839A4B /* login_header.png in Resources */,
				C312CF35127C6B7000839A4B /* login_header@2x.png in Resources */,
				C386CBA7127F98550000BCA2 /* SignupViewController.xib in Resources */,
			);
			runOnlyForDeploymentPostprocessing = 0;
		};
/* End PBXResourcesBuildPhase section */

/* Begin PBXSourcesBuildPhase section */
		1D60588E0D05DD3D006BFB54 /* Sources */ = {
			isa = PBXSourcesBuildPhase;
			buildActionMask = 2147483647;
			files = (
				1D60589B0D05DD56006BFB54 /* main.m in Sources */,
				1D3623260D0F684500981E51 /* WagrItAppDelegate.m in Sources */,
				C3C31C1B126C737B003846A0 /* LoginViewController.m in Sources */,
				C312C450126E834700839A4B /* NSObject+SBJSON.m in Sources */,
				C312C451126E834700839A4B /* NSString+SBJSON.m in Sources */,
				C312C452126E834700839A4B /* SBJsonBase.m in Sources */,
				C312C453126E834700839A4B /* SBJsonParser.m in Sources */,
				C312C454126E834700839A4B /* SBJsonWriter.m in Sources */,
				C312C4A0126FBE1600839A4B /* WagrListViewController.m in Sources */,
				C312C5BC1270B45F00839A4B /* WagrDetailViewController.m in Sources */,
				C312C854127326D900839A4B /* BaseViewController.m in Sources */,
				C312CE7A127AF50B00839A4B /* WagrDetailCell.m in Sources */,
				C386CBA6127F98550000BCA2 /* SignupViewController.m in Sources */,
			);
			runOnlyForDeploymentPostprocessing = 0;
		};
/* End PBXSourcesBuildPhase section */

/* Begin XCBuildConfiguration section */
		1D6058940D05DD3E006BFB54 /* Debug */ = {
			isa = XCBuildConfiguration;
			buildSettings = {
				ALWAYS_SEARCH_USER_PATHS = NO;
				COPY_PHASE_STRIP = NO;
				GCC_DYNAMIC_NO_PIC = NO;
				GCC_OPTIMIZATION_LEVEL = 0;
				GCC_PRECOMPILE_PREFIX_HEADER = YES;
				GCC_PREFIX_HEADER = WagrIt_Prefix.pch;
				INFOPLIST_FILE = "WagrIt-Info.plist";
				PRODUCT_NAME = WagrIt;
			};
			name = Debug;
		};
		1D6058950D05DD3E006BFB54 /* Release */ = {
			isa = XCBuildConfiguration;
			buildSettings = {
				ALWAYS_SEARCH_USER_PATHS = NO;
				COPY_PHASE_STRIP = YES;
				GCC_PRECOMPILE_PREFIX_HEADER = YES;
				GCC_PREFIX_HEADER = WagrIt_Prefix.pch;
				INFOPLIST_FILE = "WagrIt-Info.plist";
				PRODUCT_NAME = WagrIt;
				VALIDATE_PRODUCT = YES;
			};
			name = Release;
		};
		C01FCF4F08A954540054247B /* Debug */ = {
			isa = XCBuildConfiguration;
			buildSettings = {
				ARCHS = "$(ARCHS_STANDARD_32_BIT)";
				"CODE_SIGN_IDENTITY[sdk=iphoneos*]" = "iPhone Developer";
				GCC_C_LANGUAGE_STANDARD = c99;
				GCC_WARN_ABOUT_RETURN_TYPE = YES;
				GCC_WARN_UNUSED_VARIABLE = YES;
				PREBINDING = NO;
				SDKROOT = iphoneos4.1;
			};
			name = Debug;
		};
		C01FCF5008A954540054247B /* Release */ = {
			isa = XCBuildConfiguration;
			buildSettings = {
				ARCHS = "$(ARCHS_STANDARD_32_BIT)";
				"CODE_SIGN_IDENTITY[sdk=iphoneos*]" = "iPhone Developer";
				GCC_C_LANGUAGE_STANDARD = c99;
				GCC_WARN_ABOUT_RETURN_TYPE = YES;
				GCC_WARN_UNUSED_VARIABLE = YES;
				OTHER_CFLAGS = "-DNS_BLOCK_ASSERTIONS=1";
				PREBINDING = NO;
				SDKROOT = iphoneos4.1;
			};
			name = Release;
		};
/* End XCBuildConfiguration section */

/* Begin XCConfigurationList section */
		1D6058960D05DD3E006BFB54 /* Build configuration list for PBXNativeTarget "WagrIt" */ = {
			isa = XCConfigurationList;
			buildConfigurations = (
				1D6058940D05DD3E006BFB54 /* Debug */,
				1D6058950D05DD3E006BFB54 /* Release */,
			);
			defaultConfigurationIsVisible = 0;
			defaultConfigurationName = Release;
		};
		C01FCF4E08A954540054247B /* Build configuration list for PBXProject "WagrIt" */ = {
			isa = XCConfigurationList;
			buildConfigurations = (
				C01FCF4F08A954540054247B /* Debug */,
				C01FCF5008A954540054247B /* Release */,
			);
			defaultConfigurationIsVisible = 0;
			defaultConfigurationName = Release;
		};
/* End XCConfigurationList section */
	};
	rootObject = 29B97313FDCFA39411CA2CEA /* Project object */;
}
